
Microsoft Visual Studio Solution File, Format Version 12.00
# Visual Studio Version 17
VisualStudioVersion = 17.14.36414.22 d17.14
MinimumVisualStudioVersion = 10.0.40219.1
Project("{FAE04EC0-301F-11D3-BF4B-00C04F79EFBC}") = "RAA_Lvl2_Skills_01", "RAA_Lvl2_Skills_01.csproj", "{91D28C0E-06EA-4817-938B-327560782E2D}"
EndProject
Global
	GlobalSection(SolutionConfigurationPlatforms) = preSolution
		Debug|Any CPU = Debug|Any CPU
		Release|Any CPU = Release|Any CPU
	EndGlobalSection
	GlobalSection(ProjectConfigurationPlatforms) = postSolution
		{91D28C0E-06EA-4817-938B-327560782E2D}.Debug|Any CPU.ActiveCfg = Debug|Any CPU
		{91D28C0E-06EA-4817-938B-327560782E2D}.Debug|Any CPU.Build.0 = Debug|Any CPU
		{91D28C0E-06EA-4817-938B-327560782E2D}.Release|Any CPU.ActiveCfg = Release|Any CPU
		{91D28C0E-06EA-4817-938B-327560782E2D}.Release|Any CPU.Build.0 = Release|Any CPU
	EndGlobalSection
	GlobalSection(SolutionProperties) = preSolution
		HideSolutionNode = FALSE
	EndGlobalSection
	GlobalSection(ExtensibilityGlobals) = postSolution
		SolutionGuid = {CCD7DEF0-8D80-41B7-97D6-95D40F7E07FD}
	EndGlobalSection
EndGlobal
